// !$*UTF8*$!
{
	archiveVersion = 1;
	classes = {
	};
	objectVersion = 46;
	objects = {

/* Begin PBXBuildFile section */
		8D3505531CA2626E009BC744 /* TableController.swift in Sources */ = {isa = PBXBuildFile; fileRef = 8D3505521CA2626E009BC744 /* TableController.swift */; };
		8D9626811CC9DB4F00B96122 /* Ticker.swift in Sources */ = {isa = PBXBuildFile; fileRef = 8D9626801CC9DB4F00B96122 /* Ticker.swift */; };
		8DA82B691CB74B7900C93FFC /* FirstEntry.swift in Sources */ = {isa = PBXBuildFile; fileRef = 8DA82B681CB74B7900C93FFC /* FirstEntry.swift */; };
		8DA82B6B1CB7536C00C93FFC /* NewEntryController.swift in Sources */ = {isa = PBXBuildFile; fileRef = 8DA82B6A1CB7536C00C93FFC /* NewEntryController.swift */; };
		8DE13D521C9B40B8002395D1 /* AppDelegate.swift in Sources */ = {isa = PBXBuildFile; fileRef = 8DE13D511C9B40B8002395D1 /* AppDelegate.swift */; };
		8DE13D541C9B40B8002395D1 /* ViewController.swift in Sources */ = {isa = PBXBuildFile; fileRef = 8DE13D531C9B40B8002395D1 /* ViewController.swift */; };
		8DE13D571C9B40B8002395D1 /* Main.storyboard in Resources */ = {isa = PBXBuildFile; fileRef = 8DE13D551C9B40B8002395D1 /* Main.storyboard */; };
		8DE13D591C9B40B8002395D1 /* Assets.xcassets in Resources */ = {isa = PBXBuildFile; fileRef = 8DE13D581C9B40B8002395D1 /* Assets.xcassets */; };
		8DE13D5C1C9B40B8002395D1 /* LaunchScreen.storyboard in Resources */ = {isa = PBXBuildFile; fileRef = 8DE13D5A1C9B40B8002395D1 /* LaunchScreen.storyboard */; };
		8DE13D641C9B40C5002395D1 /* Spinner.swift in Sources */ = {isa = PBXBuildFile; fileRef = 8DE13D631C9B40C5002395D1 /* Spinner.swift */; };
		8DFAC3C81CA0FFD5005607AD /* Colors.swift in Sources */ = {isa = PBXBuildFile; fileRef = 8DFAC3C71CA0FFD5005607AD /* Colors.swift */; };
/* End PBXBuildFile section */

/* Begin PBXFileReference section */
		8D3505521CA2626E009BC744 /* TableController.swift */ = {isa = PBXFileReference; fileEncoding = 4; lastKnownFileType = sourcecode.swift; name = TableController.swift; path = ../TableController.swift; sourceTree = "<group>"; };
		8D9626801CC9DB4F00B96122 /* Ticker.swift */ = {isa = PBXFileReference; fileEncoding = 4; lastKnownFileType = sourcecode.swift; path = Ticker.swift; sourceTree = "<group>"; };
		8DA82B681CB74B7900C93FFC /* FirstEntry.swift */ = {isa = PBXFileReference; fileEncoding = 4; lastKnownFileType = sourcecode.swift; path = FirstEntry.swift; sourceTree = "<group>"; };
		8DA82B6A1CB7536C00C93FFC /* NewEntryController.swift */ = {isa = PBXFileReference; fileEncoding = 4; lastKnownFileType = sourcecode.swift; path = NewEntryController.swift; sourceTree = "<group>"; };
		8DE13D4E1C9B40B7002395D1 /* Decider.app */ = {isa = PBXFileReference; explicitFileType = wrapper.application; includeInIndex = 0; path = Decider.app; sourceTree = BUILT_PRODUCTS_DIR; };
		8DE13D511C9B40B8002395D1 /* AppDelegate.swift */ = {isa = PBXFileReference; lastKnownFileType = sourcecode.swift; path = AppDelegate.swift; sourceTree = "<group>"; };
		8DE13D531C9B40B8002395D1 /* ViewController.swift */ = {isa = PBXFileReference; lastKnownFileType = sourcecode.swift; path = ViewController.swift; sourceTree = "<group>"; };
		8DE13D561C9B40B8002395D1 /* Base */ = {isa = PBXFileReference; lastKnownFileType = file.storyboard; name = Base; path = Base.lproj/Main.storyboard; sourceTree = "<group>"; };
		8DE13D581C9B40B8002395D1 /* Assets.xcassets */ = {isa = PBXFileReference; lastKnownFileType = folder.assetcatalog; path = Assets.xcassets; sourceTree = "<group>"; };
		8DE13D5B1C9B40B8002395D1 /* Base */ = {isa = PBXFileReference; lastKnownFileType = file.storyboard; name = Base; path = Base.lproj/LaunchScreen.storyboard; sourceTree = "<group>"; };
		8DE13D5D1C9B40B8002395D1 /* Info.plist */ = {isa = PBXFileReference; lastKnownFileType = text.plist.xml; path = Info.plist; sourceTree = "<group>"; };
		8DE13D631C9B40C5002395D1 /* Spinner.swift */ = {isa = PBXFileReference; fileEncoding = 4; lastKnownFileType = sourcecode.swift; path = Spinner.swift; sourceTree = "<group>"; };
		8DFAC3C71CA0FFD5005607AD /* Colors.swift */ = {isa = PBXFileReference; fileEncoding = 4; lastKnownFileType = sourcecode.swift; path = Colors.swift; sourceTree = "<group>"; };
/* End PBXFileReference section */

/* Begin PBXFrameworksBuildPhase section */
		8DE13D4B1C9B40B7002395D1 /* Frameworks */ = {
			isa = PBXFrameworksBuildPhase;
			buildActionMask = 2147483647;
			files = (
			);
			runOnlyForDeploymentPostprocessing = 0;
		};
/* End PBXFrameworksBuildPhase section */

/* Begin PBXGroup section */
		8DE13D451C9B40B7002395D1 = {
			isa = PBXGroup;
			children = (
				8DE13D501C9B40B8002395D1 /* Decider */,
				8DE13D4F1C9B40B7002395D1 /* Products */,
			);
			sourceTree = "<group>";
		};
		8DE13D4F1C9B40B7002395D1 /* Products */ = {
			isa = PBXGroup;
			children = (
				8DE13D4E1C9B40B7002395D1 /* Decider.app */,
			);
			name = Products;
			sourceTree = "<group>";
		};
		8DE13D501C9B40B8002395D1 /* Decider */ = {
			isa = PBXGroup;
			children = (
				8D3505521CA2626E009BC744 /* TableController.swift */,
				8DE13D511C9B40B8002395D1 /* AppDelegate.swift */,
				8DE13D531C9B40B8002395D1 /* ViewController.swift */,
				8DA82B681CB74B7900C93FFC /* FirstEntry.swift */,
				8DA82B6A1CB7536C00C93FFC /* NewEntryController.swift */,
				8DE13D551C9B40B8002395D1 /* Main.storyboard */,
				8D9626801CC9DB4F00B96122 /* Ticker.swift */,
				8DE13D581C9B40B8002395D1 /* Assets.xcassets */,
				8DE13D5A1C9B40B8002395D1 /* LaunchScreen.storyboard */,
				8DE13D5D1C9B40B8002395D1 /* Info.plist */,
				8DE13D631C9B40C5002395D1 /* Spinner.swift */,
				8DFAC3C71CA0FFD5005607AD /* Colors.swift */,
			);
			path = Decider;
			sourceTree = "<group>";
		};
/* End PBXGroup section */

/* Begin PBXNativeTarget section */
		8DE13D4D1C9B40B7002395D1 /* Decider */ = {
			isa = PBXNativeTarget;
			buildConfigurationList = 8DE13D601C9B40B8002395D1 /* Build configuration list for PBXNativeTarget "Decider" */;
			buildPhases = (
				8DE13D4A1C9B40B7002395D1 /* Sources */,
				8DE13D4B1C9B40B7002395D1 /* Frameworks */,
				8DE13D4C1C9B40B7002395D1 /* Resources */,
			);
			buildRules = (
			);
			dependencies = (
			);
			name = Decider;
			productName = Decider;
			productReference = 8DE13D4E1C9B40B7002395D1 /* Decider.app */;
			productType = "com.apple.product-type.application";
		};
/* End PBXNativeTarget section */

/* Begin PBXProject section */
		8DE13D461C9B40B7002395D1 /* Project object */ = {
			isa = PBXProject;
			attributes = {
				LastSwiftUpdateCheck = 0720;
				LastUpgradeCheck = 0720;
				ORGANIZATIONNAME = "Jalen Massey";
				TargetAttributes = {
					8DE13D4D1C9B40B7002395D1 = {
						CreatedOnToolsVersion = 7.2.1;
						DevelopmentTeam = H2QNW2M9X6;
					};
				};
			};
			buildConfigurationList = 8DE13D491C9B40B7002395D1 /* Build configuration list for PBXProject "Decider" */;
			compatibilityVersion = "Xcode 3.2";
			developmentRegion = English;
			hasScannedForEncodings = 0;
			knownRegions = (
				en,
				Base,
			);
			mainGroup = 8DE13D451C9B40B7002395D1;
			productRefGroup = 8DE13D4F1C9B40B7002395D1 /* Products */;
			projectDirPath = "";
			projectRoot = "";
			targets = (
				8DE13D4D1C9B40B7002395D1 /* Decider */,
			);
		};
/* End PBXProject section */

/* Begin PBXResourcesBuildPhase section */
		8DE13D4C1C9B40B7002395D1 /* Resources */ = {
			isa = PBXResourcesBuildPhase;
			buildActionMask = 2147483647;
			files = (
				8DE13D5C1C9B40B8002395D1 /* LaunchScreen.storyboard in Resources */,
				8DE13D591C9B40B8002395D1 /* Assets.xcassets in Resources */,
				8DE13D571C9B40B8002395D1 /* Main.storyboard in Resources */,
			);
			runOnlyForDeploymentPostprocessing = 0;
		};
/* End PBXResourcesBuildPhase section */

/* Begin PBXSourcesBuildPhase section */
		8DE13D4A1C9B40B7002395D1 /* Sources */ = {
			isa = PBXSourcesBuildPhase;
			buildActionMask = 2147483647;
			files = (
				8DE13D641C9B40C5002395D1 /* Spinner.swift in Sources */,
				8D9626811CC9DB4F00B96122 /* Ticker.swift in Sources */,
				8DFAC3C81CA0FFD5005607AD /* Colors.swift in Sources */,
				8DE13D541C9B40B8002395D1 /* ViewController.swift in Sources */,
				8D3505531CA2626E009BC744 /* TableController.swift in Sources */,
				8DE13D521C9B40B8002395D1 /* AppDelegate.swift in Sources */,
				8DA82B691CB74B7900C93FFC /* FirstEntry.swift in Sources */,
				8DA82B6B1CB7536C00C93FFC /* NewEntryController.swift in Sources */,
			);
			runOnlyForDeploymentPostprocessing = 0;
		};
/* End PBXSourcesBuildPhase section */

/* Begin PBXVariantGroup section */
		8DE13D551C9B40B8002395D1 /* Main.storyboard */ = {
			isa = PBXVariantGroup;
			children = (
				8DE13D561C9B40B8002395D1 /* Base */,
			);
			name = Main.storyboard;
			sourceTree = "<group>";
		};
		8DE13D5A1C9B40B8002395D1 /* LaunchScreen.storyboard */ = {
			isa = PBXVariantGroup;
			children = (
				8DE13D5B1C9B40B8002395D1 /* Base */,
			);
			name = LaunchScreen.storyboard;
			sourceTree = "<group>";
		};
/* End PBXVariantGroup section */

/* Begin XCBuildConfiguration section */
		8DE13D5E1C9B40B8002395D1 /* Debug */ = {
			isa = XCBuildConfiguration;
			buildSettings = {
				ALWAYS_SEARCH_USER_PATHS = NO;
				CLANG_CXX_LANGUAGE_STANDARD = "gnu++0x";
				CLANG_CXX_LIBRARY = "libc++";
				CLANG_ENABLE_MODULES = YES;
				CLANG_ENABLE_OBJC_ARC = YES;
				CLANG_WARN_BOOL_CONVERSION = YES;
				CLANG_WARN_CONSTANT_CONVERSION = YES;
				CLANG_WARN_DIRECT_OBJC_ISA_USAGE = YES_ERROR;
				CLANG_WARN_EMPTY_BODY = YES;
				CLANG_WARN_ENUM_CONVERSION = YES;
				CLANG_WARN_INT_CONVERSION = YES;
				CLANG_WARN_OBJC_ROOT_CLASS = YES_ERROR;
				CLANG_WARN_UNREACHABLE_CODE = YES;
				CLANG_WARN__DUPLICATE_METHOD_MATCH = YES;
				"CODE_SIGN_IDENTITY[sdk=iphoneos*]" = "iPhone Developer";
				COPY_PHASE_STRIP = NO;
				DEBUG_INFORMATION_FORMAT = dwarf;
				ENABLE_STRICT_OBJC_MSGSEND = YES;
				ENABLE_TESTABILITY = YES;
				GCC_C_LANGUAGE_STANDARD = gnu99;
				GCC_DYNAMIC_NO_PIC = NO;
				GCC_NO_COMMON_BLOCKS = YES;
				GCC_OPTIMIZATION_LEVEL = 0;
				GCC_PREPROCESSOR_DEFINITIONS = (
					"DEBUG=1",
					"$(inherited)",
				);
				GCC_WARN_64_TO_32_BIT_CONVERSION = YES;
				GCC_WARN_ABOUT_RETURN_TYPE = YES_ERROR;
				GCC_WARN_UNDECLARED_SELECTOR = YES;
				GCC_WARN_UNINITIALIZED_AUTOS = YES_AGGRESSIVE;
				GCC_WARN_UNUSED_FUNCTION = YES;
				GCC_WARN_UNUSED_VARIABLE = YES;
				IPHONEOS_DEPLOYMENT_TARGET = 9.2;
				MTL_ENABLE_DEBUG_INFO = YES;
				ONLY_ACTIVE_ARCH = YES;
				SDKROOT = iphoneos;
				SWIFT_OPTIMIZATION_LEVEL = "-Onone";
				TARGETED_DEVICE_FAMILY = 2;
			};
			name = Debug;
		};
		8DE13D5F1C9B40B8002395D1 /* Release */ = {
			isa = XCBuildConfiguration;
			buildSettings = {
				ALWAYS_SEARCH_USER_PATHS = NO;
				CLANG_CXX_LANGUAGE_STANDARD = "gnu++0x";
				CLANG_CXX_LIBRARY = "libc++";
				CLANG_ENABLE_MODULES = YES;
				CLANG_ENABLE_OBJC_ARC = YES;
				CLANG_WARN_BOOL_CONVERSION = YES;
				CLANG_WARN_CONSTANT_CONVERSION = YES;
				CLANG_WARN_DIRECT_OBJC_ISA_USAGE = YES_ERROR;
				CLANG_WARN_EMPTY_BODY = YES;
				CLANG_WARN_ENUM_CONVERSION = YES;
				CLANG_WARN_INT_CONVERSION = YES;
				CLANG_WARN_OBJC_ROOT_CLASS = YES_ERROR;
				CLANG_WARN_UNREACHABLE_CODE = YES;
				CLANG_WARN__DUPLICATE_METHOD_MATCH = YES;
				"CODE_SIGN_IDENTITY[sdk=iphoneos*]" = "iPhone Developer";
				COPY_PHASE_STRIP = NO;
				DEBUG_INFORMATION_FORMAT = "dwarf-with-dsym";
				ENABLE_NS_ASSERTIONS = NO;
				ENABLE_STRICT_OBJC_MSGSEND = YES;
				GCC_C_LANGUAGE_STANDARD = gnu99;
				GCC_NO_COMMON_BLOCKS = YES;
				GCC_WARN_64_TO_32_BIT_CONVERSION = YES;
				GCC_WARN_ABOUT_RETURN_TYPE = YES_ERROR;
				GCC_WARN_UNDECLARED_SELECTOR = YES;
				GCC_WARN_UNINITIALIZED_AUTOS = YES_AGGRESSIVE;
				GCC_WARN_UNUSED_FUNCTION = YES;
				GCC_WARN_UNUSED_VARIABLE = YES;
				IPHONEOS_DEPLOYMENT_TARGET = 9.2;
				MTL_ENABLE_DEBUG_INFO = NO;
				SDKROOT = iphoneos;
				TARGETED_DEVICE_FAMILY = 2;
				VALIDATE_PRODUCT = YES;
			};
			name = Release;
		};
		8DE13D611C9B40B8002395D1 /* Debug */ = {
			isa = XCBuildConfiguration;
			buildSettings = {
				ASSETCATALOG_COMPILER_APPICON_NAME = AppIcon;
				INFOPLIST_FILE = Decider/Info.plist;
				LD_RUNPATH_SEARCH_PATHS = "$(inherited) @executable_path/Frameworks";
				PRODUCT_BUNDLE_IDENTIFIER = jalen.Decider;
				PRODUCT_NAME = "$(TARGET_NAME)";
				TARGETED_DEVICE_FAMILY = "1,2";
			};
			name = Debug;
		};
		8DE13D621C9B40B8002395D1 /* Release */ = {
			isa = XCBuildConfiguration;
			buildSettings = {
				ASSETCATALOG_COMPILER_APPICON_NAME = AppIcon;
				INFOPLIST_FILE = Decider/Info.plist;
				LD_RUNPATH_SEARCH_PATHS = "$(inherited) @executable_path/Frameworks";
				PRODUCT_BUNDLE_IDENTIFIER = jalen.Decider;
				PRODUCT_NAME = "$(TARGET_NAME)";
				TARGETED_DEVICE_FAMILY = "1,2";
			};
			name = Release;
		};
/* End XCBuildConfiguration section */

/* Begin XCConfigurationList section */
		8DE13D491C9B40B7002395D1 /* Build configuration list for PBXProject "Decider" */ = {
			isa = XCConfigurationList;
			buildConfigurations = (
				8DE13D5E1C9B40B8002395D1 /* Debug */,
				8DE13D5F1C9B40B8002395D1 /* Release */,
			);
			defaultConfigurationIsVisible = 0;
			defaultConfigurationName = Release;
		};
		8DE13D601C9B40B8002395D1 /* Build configuration list for PBXNativeTarget "Decider" */ = {
			isa = XCConfigurationList;
			buildConfigurations = (
				8DE13D611C9B40B8002395D1 /* Debug */,
				8DE13D621C9B40B8002395D1 /* Release */,
			);
			defaultConfigurationIsVisible = 0;
			defaultConfigurationName = Release;
		};
/* End XCConfigurationList section */
	};
	rootObject = 8DE13D461C9B40B7002395D1 /* Project object */;
}
